
Microsoft Visual Studio Solution File, Format Version 12.00
# Visual Studio Version 17
VisualStudioVersion = 17.9.34622.214
MinimumVisualStudioVersion = 10.0.40219.1
Project("{FAE04EC0-301F-11D3-BF4B-00C04F79EFBC}") = "HesapMakinesiKonsol2", "HesapMakinesiKonsol2\HesapMakinesiKonsol2.csproj", "{67D1D93B-57EF-4838-B19D-B0950F64C174}"
EndProject
Global
	GlobalSection(SolutionConfigurationPlatforms) = preSolution
		Debug|Any CPU = Debug|Any CPU
		Release|Any CPU = Release|Any CPU
	EndGlobalSection
	GlobalSection(ProjectConfigurationPlatforms) = postSolution
		{67D1D93B-57EF-4838-B19D-B0950F64C174}.Debug|Any CPU.ActiveCfg = Debug|Any CPU
		{67D1D93B-57EF-4838-B19D-B0950F64C174}.Debug|Any CPU.Build.0 = Debug|Any CPU
		{67D1D93B-57EF-4838-B19D-B0950F64C174}.Release|Any CPU.ActiveCfg = Release|Any CPU
		{67D1D93B-57EF-4838-B19D-B0950F64C174}.Release|Any CPU.Build.0 = Release|Any CPU
	EndGlobalSection
	GlobalSection(SolutionProperties) = preSolution
		HideSolutionNode = FALSE
	EndGlobalSection
	GlobalSection(ExtensibilityGlobals) = postSolution
		SolutionGuid = {D82ADD31-000A-4318-88CA-EA2EE1B64B02}
	EndGlobalSection
EndGlobal
